
Microsoft Visual Studio Solution File, Format Version 12.00
# Visual Studio 15
VisualStudioVersion = 15.0.28307.1082
MinimumVisualStudioVersion = 10.0.40219.1
Project("{FAE04EC0-301F-11D3-BF4B-00C04F79EFBC}") = "BaitaplonAPI", "BaitaplonAPI\BaitaplonAPI.csproj", "{1E641099-5506-4B87-B12E-CBDF2CB0EE9A}"
EndProject
Project("{FAE04EC0-301F-11D3-BF4B-00C04F79EFBC}") = "Server", "Server\Server.csproj", "{05433510-0CB3-44D0-AF55-3F0D4EC69C0F}"
EndProject
Global
	GlobalSection(SolutionConfigurationPlatforms) = preSolution
		Debug|Any CPU = Debug|Any CPU
		Debug|x86 = Debug|x86
		Release|Any CPU = Release|Any CPU
		Release|x86 = Release|x86
	EndGlobalSection
	GlobalSection(ProjectConfigurationPlatforms) = postSolution
		{1E641099-5506-4B87-B12E-CBDF2CB0EE9A}.Debug|Any CPU.ActiveCfg = Debug|Any CPU
		{1E641099-5506-4B87-B12E-CBDF2CB0EE9A}.Debug|Any CPU.Build.0 = Debug|Any CPU
		{1E641099-5506-4B87-B12E-CBDF2CB0EE9A}.Debug|x86.ActiveCfg = Debug|Any CPU
		{1E641099-5506-4B87-B12E-CBDF2CB0EE9A}.Debug|x86.Build.0 = Debug|Any CPU
		{1E641099-5506-4B87-B12E-CBDF2CB0EE9A}.Release|Any CPU.ActiveCfg = Release|Any CPU
		{1E641099-5506-4B87-B12E-CBDF2CB0EE9A}.Release|Any CPU.Build.0 = Release|Any CPU
		{1E641099-5506-4B87-B12E-CBDF2CB0EE9A}.Release|x86.ActiveCfg = Release|Any CPU
		{1E641099-5506-4B87-B12E-CBDF2CB0EE9A}.Release|x86.Build.0 = Release|Any CPU
		{05433510-0CB3-44D0-AF55-3F0D4EC69C0F}.Debug|Any CPU.ActiveCfg = Debug|Any CPU
		{05433510-0CB3-44D0-AF55-3F0D4EC69C0F}.Debug|Any CPU.Build.0 = Debug|Any CPU
		{05433510-0CB3-44D0-AF55-3F0D4EC69C0F}.Debug|x86.ActiveCfg = Debug|Any CPU
		{05433510-0CB3-44D0-AF55-3F0D4EC69C0F}.Debug|x86.Build.0 = Debug|Any CPU
		{05433510-0CB3-44D0-AF55-3F0D4EC69C0F}.Release|Any CPU.ActiveCfg = Release|Any CPU
		{05433510-0CB3-44D0-AF55-3F0D4EC69C0F}.Release|Any CPU.Build.0 = Release|Any CPU
		{05433510-0CB3-44D0-AF55-3F0D4EC69C0F}.Release|x86.ActiveCfg = Release|Any CPU
		{05433510-0CB3-44D0-AF55-3F0D4EC69C0F}.Release|x86.Build.0 = Release|Any CPU
	EndGlobalSection
	GlobalSection(SolutionProperties) = preSolution
		HideSolutionNode = FALSE
	EndGlobalSection
	GlobalSection(ExtensibilityGlobals) = postSolution
		SolutionGuid = {09CC3E5A-FB8C-41EE-9B5B-8905B1893B58}
	EndGlobalSection
EndGlobal
