
Microsoft Visual Studio Solution File, Format Version 12.00
# Visual Studio 15
VisualStudioVersion = 15.0.28307.1082
MinimumVisualStudioVersion = 10.0.40219.1
Project("{FAE04EC0-301F-11D3-BF4B-00C04F79EFBC}") = "Thuctapchuyenmon", "Thuctapchuyenmon\Thuctapchuyenmon.csproj", "{A71D0BD9-4614-4191-A4CB-39AE50924525}"
EndProject
Global
	GlobalSection(SolutionConfigurationPlatforms) = preSolution
		Debug|Any CPU = Debug|Any CPU
		Release|Any CPU = Release|Any CPU
	EndGlobalSection
	GlobalSection(ProjectConfigurationPlatforms) = postSolution
		{A71D0BD9-4614-4191-A4CB-39AE50924525}.Debug|Any CPU.ActiveCfg = Debug|Any CPU
		{A71D0BD9-4614-4191-A4CB-39AE50924525}.Debug|Any CPU.Build.0 = Debug|Any CPU
		{A71D0BD9-4614-4191-A4CB-39AE50924525}.Release|Any CPU.ActiveCfg = Release|Any CPU
		{A71D0BD9-4614-4191-A4CB-39AE50924525}.Release|Any CPU.Build.0 = Release|Any CPU
	EndGlobalSection
	GlobalSection(SolutionProperties) = preSolution
		HideSolutionNode = FALSE
	EndGlobalSection
	GlobalSection(ExtensibilityGlobals) = postSolution
		SolutionGuid = {502BF4B0-F65B-4989-8BE8-3CEB7B1052AA}
	EndGlobalSection
EndGlobal
